
Microsoft Visual Studio Solution File, Format Version 12.00
Project("{FAE04EC0-301F-11D3-BF4B-00C04F79EFBC}") = "FluentOpenXml", "FluentOpenXml\FluentOpenXml.csproj", "{FAB94088-5B3D-4D49-940A-FBD483D60975}"
EndProject
Project("{FAE04EC0-301F-11D3-BF4B-00C04F79EFBC}") = "FluentOpenXml.Tests", "FluentOpenXml.Tests\FluentOpenXml.Tests.csproj", "{2034310A-4BED-409F-B75C-B4E70E81DC2C}"
EndProject
Global
	GlobalSection(SolutionConfigurationPlatforms) = preSolution
		Debug|Any CPU = Debug|Any CPU
		Release|Any CPU = Release|Any CPU
	EndGlobalSection
	GlobalSection(ProjectConfigurationPlatforms) = postSolution
		{FAB94088-5B3D-4D49-940A-FBD483D60975}.Debug|Any CPU.ActiveCfg = Debug|Any CPU
		{FAB94088-5B3D-4D49-940A-FBD483D60975}.Debug|Any CPU.Build.0 = Debug|Any CPU
		{FAB94088-5B3D-4D49-940A-FBD483D60975}.Release|Any CPU.ActiveCfg = Release|Any CPU
		{FAB94088-5B3D-4D49-940A-FBD483D60975}.Release|Any CPU.Build.0 = Release|Any CPU
		{2034310A-4BED-409F-B75C-B4E70E81DC2C}.Debug|Any CPU.ActiveCfg = Debug|Any CPU
		{2034310A-4BED-409F-B75C-B4E70E81DC2C}.Debug|Any CPU.Build.0 = Debug|Any CPU
		{2034310A-4BED-409F-B75C-B4E70E81DC2C}.Release|Any CPU.ActiveCfg = Release|Any CPU
		{2034310A-4BED-409F-B75C-B4E70E81DC2C}.Release|Any CPU.Build.0 = Release|Any CPU
	EndGlobalSection
EndGlobal
